
Microsoft Visual Studio Solution File, Format Version 12.00
# Visual Studio 15
VisualStudioVersion = 15.0.27130.2024
MinimumVisualStudioVersion = 10.0.40219.1
Project("{2150E333-8FDC-42A3-9474-1A3956D46DE8}") = "01.Infrastructure", "01.Infrastructure", "{C358CAF5-2662-4A0A-90D1-D44A6D6796B7}"
EndProject
Project("{2150E333-8FDC-42A3-9474-1A3956D46DE8}") = "02.Framework", "02.Framework", "{F1F1520A-5E3C-422D-9B10-D439124443E0}"
EndProject
Project("{2150E333-8FDC-42A3-9474-1A3956D46DE8}") = "99.Tests", "99.Tests", "{9EA65AE7-A503-4CB7-BABC-A72C554DC966}"
EndProject
Project("{9A19103F-16F7-4668-BE54-9A1E7A4F7556}") = "Acb.Core", "src\Acb.Core\Acb.Core.csproj", "{9502ACCF-D16E-4C2D-842B-B3598DEC8740}"
EndProject
Project("{9A19103F-16F7-4668-BE54-9A1E7A4F7556}") = "Acb.Dapper", "src\Acb.Dapper\Acb.Dapper.csproj", "{155ADCD1-8E52-4F72-9F92-0A1B7FACB1AA}"
EndProject
Project("{9A19103F-16F7-4668-BE54-9A1E7A4F7556}") = "Acb.WebApi", "src\Acb.WebApi\Acb.WebApi.csproj", "{8E4825E3-95FD-44F1-AD83-23B6D78A9DA1}"
EndProject
Project("{2150E333-8FDC-42A3-9474-1A3956D46DE8}") = "03.Database", "03.Database", "{5B77030F-2F00-4B20-B99B-A390D47749D9}"
EndProject
Project("{9A19103F-16F7-4668-BE54-9A1E7A4F7556}") = "Acb.Dapper.PostgreSql", "src\Acb.Dapper.PostgreSql\Acb.Dapper.PostgreSql.csproj", "{CF53C5D6-2B44-443B-908A-88186E49004B}"
EndProject
Project("{9A19103F-16F7-4668-BE54-9A1E7A4F7556}") = "Acb.Redis", "src\Acb.Redis\Acb.Redis.csproj", "{A7A1E611-716A-4C0D-A9B3-68590D1ED408}"
EndProject
Project("{9A19103F-16F7-4668-BE54-9A1E7A4F7556}") = "Acb.MongoDb", "src\Acb.MongoDb\Acb.MongoDb.csproj", "{6626DADB-75DB-487E-A546-D017FA56E1FD}"
EndProject
Project("{9A19103F-16F7-4668-BE54-9A1E7A4F7556}") = "Acb.Dapper.MySql", "src\Acb.Dapper.MySql\Acb.Dapper.MySql.csproj", "{FF9B4473-A80F-41A3-8BB5-08E359A4DE49}"
EndProject
Project("{9A19103F-16F7-4668-BE54-9A1E7A4F7556}") = "Acb.Framework", "src\Acb.Framework\Acb.Framework.csproj", "{0D2F48C8-F7A7-4B2F-BA11-290E6D368C7F}"
EndProject
Project("{9A19103F-16F7-4668-BE54-9A1E7A4F7556}") = "Acb.Configuration", "src\Acb.Configuration\Acb.Configuration.csproj", "{1FC8EF95-5C58-4FE8-9828-89A2F0B0E351}"
EndProject
Project("{9A19103F-16F7-4668-BE54-9A1E7A4F7556}") = "Acb.Framework.Tests", "tests\Acb.Framework.Tests\Acb.Framework.Tests.csproj", "{B522CC19-0CA3-4B4F-8FD0-2686E375A028}"
EndProject
Project("{9A19103F-16F7-4668-BE54-9A1E7A4F7556}") = "Acb.WebApi.Test", "tests\Acb.WebApi.Test\Acb.WebApi.Test.csproj", "{D5D4E9E1-95D3-40C3-8DE6-9012B4F3FAFE}"
EndProject
Project("{9A19103F-16F7-4668-BE54-9A1E7A4F7556}") = "Acb.Office", "src\Acb.Office\Acb.Office.csproj", "{A55C570C-A1C8-419B-A6A1-A15736FE4268}"
EndProject
Project("{9A19103F-16F7-4668-BE54-9A1E7A4F7556}") = "Acb.Payment", "src\Acb.Payment\Acb.Payment.csproj", "{4340E862-59F1-43BC-9C5E-96064B192A16}"
EndProject
Project("{9A19103F-16F7-4668-BE54-9A1E7A4F7556}") = "Acb.EntityFramework", "src\Acb.EntityFramework\Acb.EntityFramework.csproj", "{610441E7-5F27-47CB-8319-C5A6E7314F2B}"
EndProject
Project("{9A19103F-16F7-4668-BE54-9A1E7A4F7556}") = "Acb.Demo.Business", "tests\Acb.Demo.Business\Acb.Demo.Business.csproj", "{585977FC-8E93-4C4A-B0B2-61B02A39F66C}"
EndProject
Project("{9A19103F-16F7-4668-BE54-9A1E7A4F7556}") = "Acb.Demo.Contracts", "tests\Acb.Demo.Contracts\Acb.Demo.Contracts.csproj", "{1A4466A5-C01B-4ACB-9C87-F7D5FD0447A6}"
EndProject
Project("{9A19103F-16F7-4668-BE54-9A1E7A4F7556}") = "Acb.MicroService.Client", "src\Acb.MicroService.Client\Acb.MicroService.Client.csproj", "{E68F6EA7-FDC5-475E-8C06-A5AC4BEAB271}"
EndProject
Project("{9A19103F-16F7-4668-BE54-9A1E7A4F7556}") = "Acb.Demo.MicroService", "tests\Acb.Demo.MicroService\Acb.Demo.MicroService.csproj", "{FFF63D19-2E80-4590-8144-77D372F23D8A}"
EndProject
Project("{9A19103F-16F7-4668-BE54-9A1E7A4F7556}") = "Acb.MicroService", "src\Acb.MicroService\Acb.MicroService.csproj", "{30274903-6701-4C29-BBAB-CCFDF98BFFF6}"
EndProject
Project("{9A19103F-16F7-4668-BE54-9A1E7A4F7556}") = "Acb.AutoMapper", "src\Acb.AutoMapper\Acb.AutoMapper.csproj", "{072C5261-DEFD-4335-AE2D-73EA9BE1F086}"
EndProject
Project("{9A19103F-16F7-4668-BE54-9A1E7A4F7556}") = "Acb.MicroService.Host", "src\Acb.MicroService.Host\Acb.MicroService.Host.csproj", "{B1E0893D-BA72-455A-9AF4-DE75C448BF45}"
EndProject
Project("{2150E333-8FDC-42A3-9474-1A3956D46DE8}") = "04.MicroService", "04.MicroService", "{51887478-4531-490B-A79B-7F8BBD3D966A}"
EndProject
Global
	GlobalSection(SolutionConfigurationPlatforms) = preSolution
		Debug|Any CPU = Debug|Any CPU
		Release|Any CPU = Release|Any CPU
	EndGlobalSection
	GlobalSection(ProjectConfigurationPlatforms) = postSolution
		{9502ACCF-D16E-4C2D-842B-B3598DEC8740}.Debug|Any CPU.ActiveCfg = Debug|Any CPU
		{9502ACCF-D16E-4C2D-842B-B3598DEC8740}.Debug|Any CPU.Build.0 = Debug|Any CPU
		{9502ACCF-D16E-4C2D-842B-B3598DEC8740}.Release|Any CPU.ActiveCfg = Release|Any CPU
		{9502ACCF-D16E-4C2D-842B-B3598DEC8740}.Release|Any CPU.Build.0 = Release|Any CPU
		{155ADCD1-8E52-4F72-9F92-0A1B7FACB1AA}.Debug|Any CPU.ActiveCfg = Debug|Any CPU
		{155ADCD1-8E52-4F72-9F92-0A1B7FACB1AA}.Debug|Any CPU.Build.0 = Debug|Any CPU
		{155ADCD1-8E52-4F72-9F92-0A1B7FACB1AA}.Release|Any CPU.ActiveCfg = Release|Any CPU
		{155ADCD1-8E52-4F72-9F92-0A1B7FACB1AA}.Release|Any CPU.Build.0 = Release|Any CPU
		{8E4825E3-95FD-44F1-AD83-23B6D78A9DA1}.Debug|Any CPU.ActiveCfg = Debug|Any CPU
		{8E4825E3-95FD-44F1-AD83-23B6D78A9DA1}.Debug|Any CPU.Build.0 = Debug|Any CPU
		{8E4825E3-95FD-44F1-AD83-23B6D78A9DA1}.Release|Any CPU.ActiveCfg = Release|Any CPU
		{8E4825E3-95FD-44F1-AD83-23B6D78A9DA1}.Release|Any CPU.Build.0 = Release|Any CPU
		{CF53C5D6-2B44-443B-908A-88186E49004B}.Debug|Any CPU.ActiveCfg = Debug|Any CPU
		{CF53C5D6-2B44-443B-908A-88186E49004B}.Debug|Any CPU.Build.0 = Debug|Any CPU
		{CF53C5D6-2B44-443B-908A-88186E49004B}.Release|Any CPU.ActiveCfg = Release|Any CPU
		{CF53C5D6-2B44-443B-908A-88186E49004B}.Release|Any CPU.Build.0 = Release|Any CPU
		{A7A1E611-716A-4C0D-A9B3-68590D1ED408}.Debug|Any CPU.ActiveCfg = Debug|Any CPU
		{A7A1E611-716A-4C0D-A9B3-68590D1ED408}.Debug|Any CPU.Build.0 = Debug|Any CPU
		{A7A1E611-716A-4C0D-A9B3-68590D1ED408}.Release|Any CPU.ActiveCfg = Release|Any CPU
		{A7A1E611-716A-4C0D-A9B3-68590D1ED408}.Release|Any CPU.Build.0 = Release|Any CPU
		{6626DADB-75DB-487E-A546-D017FA56E1FD}.Debug|Any CPU.ActiveCfg = Debug|Any CPU
		{6626DADB-75DB-487E-A546-D017FA56E1FD}.Debug|Any CPU.Build.0 = Debug|Any CPU
		{6626DADB-75DB-487E-A546-D017FA56E1FD}.Release|Any CPU.ActiveCfg = Release|Any CPU
		{6626DADB-75DB-487E-A546-D017FA56E1FD}.Release|Any CPU.Build.0 = Release|Any CPU
		{FF9B4473-A80F-41A3-8BB5-08E359A4DE49}.Debug|Any CPU.ActiveCfg = Debug|Any CPU
		{FF9B4473-A80F-41A3-8BB5-08E359A4DE49}.Debug|Any CPU.Build.0 = Debug|Any CPU
		{FF9B4473-A80F-41A3-8BB5-08E359A4DE49}.Release|Any CPU.ActiveCfg = Release|Any CPU
		{FF9B4473-A80F-41A3-8BB5-08E359A4DE49}.Release|Any CPU.Build.0 = Release|Any CPU
		{0D2F48C8-F7A7-4B2F-BA11-290E6D368C7F}.Debug|Any CPU.ActiveCfg = Debug|Any CPU
		{0D2F48C8-F7A7-4B2F-BA11-290E6D368C7F}.Debug|Any CPU.Build.0 = Debug|Any CPU
		{0D2F48C8-F7A7-4B2F-BA11-290E6D368C7F}.Release|Any CPU.ActiveCfg = Release|Any CPU
		{0D2F48C8-F7A7-4B2F-BA11-290E6D368C7F}.Release|Any CPU.Build.0 = Release|Any CPU
		{1FC8EF95-5C58-4FE8-9828-89A2F0B0E351}.Debug|Any CPU.ActiveCfg = Debug|Any CPU
		{1FC8EF95-5C58-4FE8-9828-89A2F0B0E351}.Debug|Any CPU.Build.0 = Debug|Any CPU
		{1FC8EF95-5C58-4FE8-9828-89A2F0B0E351}.Release|Any CPU.ActiveCfg = Release|Any CPU
		{1FC8EF95-5C58-4FE8-9828-89A2F0B0E351}.Release|Any CPU.Build.0 = Release|Any CPU
		{B522CC19-0CA3-4B4F-8FD0-2686E375A028}.Debug|Any CPU.ActiveCfg = Debug|Any CPU
		{B522CC19-0CA3-4B4F-8FD0-2686E375A028}.Debug|Any CPU.Build.0 = Debug|Any CPU
		{B522CC19-0CA3-4B4F-8FD0-2686E375A028}.Release|Any CPU.ActiveCfg = Release|Any CPU
		{B522CC19-0CA3-4B4F-8FD0-2686E375A028}.Release|Any CPU.Build.0 = Release|Any CPU
		{D5D4E9E1-95D3-40C3-8DE6-9012B4F3FAFE}.Debug|Any CPU.ActiveCfg = Debug|Any CPU
		{D5D4E9E1-95D3-40C3-8DE6-9012B4F3FAFE}.Debug|Any CPU.Build.0 = Debug|Any CPU
		{D5D4E9E1-95D3-40C3-8DE6-9012B4F3FAFE}.Release|Any CPU.ActiveCfg = Release|Any CPU
		{D5D4E9E1-95D3-40C3-8DE6-9012B4F3FAFE}.Release|Any CPU.Build.0 = Release|Any CPU
		{A55C570C-A1C8-419B-A6A1-A15736FE4268}.Debug|Any CPU.ActiveCfg = Debug|Any CPU
		{A55C570C-A1C8-419B-A6A1-A15736FE4268}.Debug|Any CPU.Build.0 = Debug|Any CPU
		{A55C570C-A1C8-419B-A6A1-A15736FE4268}.Release|Any CPU.ActiveCfg = Release|Any CPU
		{A55C570C-A1C8-419B-A6A1-A15736FE4268}.Release|Any CPU.Build.0 = Release|Any CPU
		{4340E862-59F1-43BC-9C5E-96064B192A16}.Debug|Any CPU.ActiveCfg = Debug|Any CPU
		{4340E862-59F1-43BC-9C5E-96064B192A16}.Debug|Any CPU.Build.0 = Debug|Any CPU
		{4340E862-59F1-43BC-9C5E-96064B192A16}.Release|Any CPU.ActiveCfg = Release|Any CPU
		{4340E862-59F1-43BC-9C5E-96064B192A16}.Release|Any CPU.Build.0 = Release|Any CPU
		{610441E7-5F27-47CB-8319-C5A6E7314F2B}.Debug|Any CPU.ActiveCfg = Debug|Any CPU
		{610441E7-5F27-47CB-8319-C5A6E7314F2B}.Debug|Any CPU.Build.0 = Debug|Any CPU
		{610441E7-5F27-47CB-8319-C5A6E7314F2B}.Release|Any CPU.ActiveCfg = Release|Any CPU
		{610441E7-5F27-47CB-8319-C5A6E7314F2B}.Release|Any CPU.Build.0 = Release|Any CPU
		{585977FC-8E93-4C4A-B0B2-61B02A39F66C}.Debug|Any CPU.ActiveCfg = Debug|Any CPU
		{585977FC-8E93-4C4A-B0B2-61B02A39F66C}.Debug|Any CPU.Build.0 = Debug|Any CPU
		{585977FC-8E93-4C4A-B0B2-61B02A39F66C}.Release|Any CPU.ActiveCfg = Release|Any CPU
		{585977FC-8E93-4C4A-B0B2-61B02A39F66C}.Release|Any CPU.Build.0 = Release|Any CPU
		{1A4466A5-C01B-4ACB-9C87-F7D5FD0447A6}.Debug|Any CPU.ActiveCfg = Debug|Any CPU
		{1A4466A5-C01B-4ACB-9C87-F7D5FD0447A6}.Debug|Any CPU.Build.0 = Debug|Any CPU
		{1A4466A5-C01B-4ACB-9C87-F7D5FD0447A6}.Release|Any CPU.ActiveCfg = Release|Any CPU
		{1A4466A5-C01B-4ACB-9C87-F7D5FD0447A6}.Release|Any CPU.Build.0 = Release|Any CPU
		{E68F6EA7-FDC5-475E-8C06-A5AC4BEAB271}.Debug|Any CPU.ActiveCfg = Debug|Any CPU
		{E68F6EA7-FDC5-475E-8C06-A5AC4BEAB271}.Debug|Any CPU.Build.0 = Debug|Any CPU
		{E68F6EA7-FDC5-475E-8C06-A5AC4BEAB271}.Release|Any CPU.ActiveCfg = Release|Any CPU
		{E68F6EA7-FDC5-475E-8C06-A5AC4BEAB271}.Release|Any CPU.Build.0 = Release|Any CPU
		{FFF63D19-2E80-4590-8144-77D372F23D8A}.Debug|Any CPU.ActiveCfg = Debug|Any CPU
		{FFF63D19-2E80-4590-8144-77D372F23D8A}.Debug|Any CPU.Build.0 = Debug|Any CPU
		{FFF63D19-2E80-4590-8144-77D372F23D8A}.Release|Any CPU.ActiveCfg = Release|Any CPU
		{FFF63D19-2E80-4590-8144-77D372F23D8A}.Release|Any CPU.Build.0 = Release|Any CPU
		{30274903-6701-4C29-BBAB-CCFDF98BFFF6}.Debug|Any CPU.ActiveCfg = Debug|Any CPU
		{30274903-6701-4C29-BBAB-CCFDF98BFFF6}.Debug|Any CPU.Build.0 = Debug|Any CPU
		{30274903-6701-4C29-BBAB-CCFDF98BFFF6}.Release|Any CPU.ActiveCfg = Release|Any CPU
		{30274903-6701-4C29-BBAB-CCFDF98BFFF6}.Release|Any CPU.Build.0 = Release|Any CPU
		{072C5261-DEFD-4335-AE2D-73EA9BE1F086}.Debug|Any CPU.ActiveCfg = Debug|Any CPU
		{072C5261-DEFD-4335-AE2D-73EA9BE1F086}.Debug|Any CPU.Build.0 = Debug|Any CPU
		{072C5261-DEFD-4335-AE2D-73EA9BE1F086}.Release|Any CPU.ActiveCfg = Release|Any CPU
		{072C5261-DEFD-4335-AE2D-73EA9BE1F086}.Release|Any CPU.Build.0 = Release|Any CPU
		{B1E0893D-BA72-455A-9AF4-DE75C448BF45}.Debug|Any CPU.ActiveCfg = Debug|Any CPU
		{B1E0893D-BA72-455A-9AF4-DE75C448BF45}.Debug|Any CPU.Build.0 = Debug|Any CPU
		{B1E0893D-BA72-455A-9AF4-DE75C448BF45}.Release|Any CPU.ActiveCfg = Release|Any CPU
		{B1E0893D-BA72-455A-9AF4-DE75C448BF45}.Release|Any CPU.Build.0 = Release|Any CPU
	EndGlobalSection
	GlobalSection(SolutionProperties) = preSolution
		HideSolutionNode = FALSE
	EndGlobalSection
	GlobalSection(NestedProjects) = preSolution
		{9502ACCF-D16E-4C2D-842B-B3598DEC8740} = {C358CAF5-2662-4A0A-90D1-D44A6D6796B7}
		{155ADCD1-8E52-4F72-9F92-0A1B7FACB1AA} = {C358CAF5-2662-4A0A-90D1-D44A6D6796B7}
		{8E4825E3-95FD-44F1-AD83-23B6D78A9DA1} = {F1F1520A-5E3C-422D-9B10-D439124443E0}
		{CF53C5D6-2B44-443B-908A-88186E49004B} = {5B77030F-2F00-4B20-B99B-A390D47749D9}
		{A7A1E611-716A-4C0D-A9B3-68590D1ED408} = {C358CAF5-2662-4A0A-90D1-D44A6D6796B7}
		{6626DADB-75DB-487E-A546-D017FA56E1FD} = {C358CAF5-2662-4A0A-90D1-D44A6D6796B7}
		{FF9B4473-A80F-41A3-8BB5-08E359A4DE49} = {5B77030F-2F00-4B20-B99B-A390D47749D9}
		{0D2F48C8-F7A7-4B2F-BA11-290E6D368C7F} = {F1F1520A-5E3C-422D-9B10-D439124443E0}
		{1FC8EF95-5C58-4FE8-9828-89A2F0B0E351} = {C358CAF5-2662-4A0A-90D1-D44A6D6796B7}
		{B522CC19-0CA3-4B4F-8FD0-2686E375A028} = {9EA65AE7-A503-4CB7-BABC-A72C554DC966}
		{D5D4E9E1-95D3-40C3-8DE6-9012B4F3FAFE} = {9EA65AE7-A503-4CB7-BABC-A72C554DC966}
		{A55C570C-A1C8-419B-A6A1-A15736FE4268} = {C358CAF5-2662-4A0A-90D1-D44A6D6796B7}
		{4340E862-59F1-43BC-9C5E-96064B192A16} = {C358CAF5-2662-4A0A-90D1-D44A6D6796B7}
		{610441E7-5F27-47CB-8319-C5A6E7314F2B} = {C358CAF5-2662-4A0A-90D1-D44A6D6796B7}
		{585977FC-8E93-4C4A-B0B2-61B02A39F66C} = {9EA65AE7-A503-4CB7-BABC-A72C554DC966}
		{1A4466A5-C01B-4ACB-9C87-F7D5FD0447A6} = {9EA65AE7-A503-4CB7-BABC-A72C554DC966}
		{E68F6EA7-FDC5-475E-8C06-A5AC4BEAB271} = {51887478-4531-490B-A79B-7F8BBD3D966A}
		{FFF63D19-2E80-4590-8144-77D372F23D8A} = {9EA65AE7-A503-4CB7-BABC-A72C554DC966}
		{30274903-6701-4C29-BBAB-CCFDF98BFFF6} = {51887478-4531-490B-A79B-7F8BBD3D966A}
		{072C5261-DEFD-4335-AE2D-73EA9BE1F086} = {C358CAF5-2662-4A0A-90D1-D44A6D6796B7}
		{B1E0893D-BA72-455A-9AF4-DE75C448BF45} = {51887478-4531-490B-A79B-7F8BBD3D966A}
	EndGlobalSection
	GlobalSection(ExtensibilityGlobals) = postSolution
		SolutionGuid = {89E6AF7A-5434-4188-87CF-6877A2A272E8}
	EndGlobalSection
EndGlobal
