
Microsoft Visual Studio Solution File, Format Version 12.00
# Visual Studio 15
VisualStudioVersion = 15.0.27130.2010
MinimumVisualStudioVersion = 10.0.40219.1
Project("{2150E333-8FDC-42A3-9474-1A3956D46DE8}") = "01.Infrastructure", "01.Infrastructure", "{C358CAF5-2662-4A0A-90D1-D44A6D6796B7}"
EndProject
Project("{2150E333-8FDC-42A3-9474-1A3956D46DE8}") = "02.Framework", "02.Framework", "{F1F1520A-5E3C-422D-9B10-D439124443E0}"
EndProject
Project("{2150E333-8FDC-42A3-9474-1A3956D46DE8}") = "99.Tests", "99.Tests", "{9EA65AE7-A503-4CB7-BABC-A72C554DC966}"
EndProject
Project("{FAE04EC0-301F-11D3-BF4B-00C04F79EFBC}") = "Acb.Core", "src\Acb.Core\Acb.Core.csproj", "{9502ACCF-D16E-4C2D-842B-B3598DEC8740}"
EndProject
Project("{FAE04EC0-301F-11D3-BF4B-00C04F79EFBC}") = "Acb.Framework", "src\Acb.Framework\Acb.Framework.csproj", "{A65C4BD5-643F-4218-99FD-AB1DF0471D91}"
EndProject
Project("{FAE04EC0-301F-11D3-BF4B-00C04F79EFBC}") = "Acb.Dapper", "src\Acb.Dapper\Acb.Dapper.csproj", "{155ADCD1-8E52-4F72-9F92-0A1B7FACB1AA}"
EndProject
Project("{FAE04EC0-301F-11D3-BF4B-00C04F79EFBC}") = "Acb.Framework.Tests", "tests\Acb.Framework.Tests\Acb.Framework.Tests.csproj", "{C3DF0604-E257-4C2A-925D-C475B4595FA5}"
EndProject
Project("{FAE04EC0-301F-11D3-BF4B-00C04F79EFBC}") = "Acb.WebApi", "src\Acb.WebApi\Acb.WebApi.csproj", "{8E4825E3-95FD-44F1-AD83-23B6D78A9DA1}"
EndProject
Project("{FAE04EC0-301F-11D3-BF4B-00C04F79EFBC}") = "Acb.WebApi.Test", "tests\Acb.WebApi.Test\Acb.WebApi.Test.csproj", "{7869E66B-FA41-49E3-9F9B-0B488F7CCADD}"
EndProject
Project("{2150E333-8FDC-42A3-9474-1A3956D46DE8}") = "03.Database", "03.Database", "{5B77030F-2F00-4B20-B99B-A390D47749D9}"
EndProject
Project("{FAE04EC0-301F-11D3-BF4B-00C04F79EFBC}") = "Acb.Dapper.Mysql", "src\Acb.Dapper.Mysql\Acb.Dapper.Mysql.csproj", "{E58C31E4-3FDB-41AA-BD93-90627DF7767D}"
EndProject
Project("{FAE04EC0-301F-11D3-BF4B-00C04F79EFBC}") = "Acb.Dapper.PostgreSql", "src\Acb.Dapper.PostgreSql\Acb.Dapper.PostgreSql.csproj", "{CF53C5D6-2B44-443B-908A-88186E49004B}"
EndProject
Project("{FAE04EC0-301F-11D3-BF4B-00C04F79EFBC}") = "Acb.Redis", "src\Acb.Redis\Acb.Redis.csproj", "{A7A1E611-716A-4C0D-A9B3-68590D1ED408}"
EndProject
Project("{FAE04EC0-301F-11D3-BF4B-00C04F79EFBC}") = "Acb.MongoDb", "src\Acb.MongoDb\Acb.MongoDb.csproj", "{6626DADB-75DB-487E-A546-D017FA56E1FD}"
EndProject
Global
	GlobalSection(SolutionConfigurationPlatforms) = preSolution
		Debug|Any CPU = Debug|Any CPU
		Release|Any CPU = Release|Any CPU
	EndGlobalSection
	GlobalSection(ProjectConfigurationPlatforms) = postSolution
		{9502ACCF-D16E-4C2D-842B-B3598DEC8740}.Debug|Any CPU.ActiveCfg = Debug|Any CPU
		{9502ACCF-D16E-4C2D-842B-B3598DEC8740}.Debug|Any CPU.Build.0 = Debug|Any CPU
		{9502ACCF-D16E-4C2D-842B-B3598DEC8740}.Release|Any CPU.ActiveCfg = Release|Any CPU
		{9502ACCF-D16E-4C2D-842B-B3598DEC8740}.Release|Any CPU.Build.0 = Release|Any CPU
		{A65C4BD5-643F-4218-99FD-AB1DF0471D91}.Debug|Any CPU.ActiveCfg = Debug|Any CPU
		{A65C4BD5-643F-4218-99FD-AB1DF0471D91}.Debug|Any CPU.Build.0 = Debug|Any CPU
		{A65C4BD5-643F-4218-99FD-AB1DF0471D91}.Release|Any CPU.ActiveCfg = Release|Any CPU
		{A65C4BD5-643F-4218-99FD-AB1DF0471D91}.Release|Any CPU.Build.0 = Release|Any CPU
		{155ADCD1-8E52-4F72-9F92-0A1B7FACB1AA}.Debug|Any CPU.ActiveCfg = Debug|Any CPU
		{155ADCD1-8E52-4F72-9F92-0A1B7FACB1AA}.Debug|Any CPU.Build.0 = Debug|Any CPU
		{155ADCD1-8E52-4F72-9F92-0A1B7FACB1AA}.Release|Any CPU.ActiveCfg = Release|Any CPU
		{155ADCD1-8E52-4F72-9F92-0A1B7FACB1AA}.Release|Any CPU.Build.0 = Release|Any CPU
		{C3DF0604-E257-4C2A-925D-C475B4595FA5}.Debug|Any CPU.ActiveCfg = Debug|Any CPU
		{C3DF0604-E257-4C2A-925D-C475B4595FA5}.Debug|Any CPU.Build.0 = Debug|Any CPU
		{C3DF0604-E257-4C2A-925D-C475B4595FA5}.Release|Any CPU.ActiveCfg = Release|Any CPU
		{C3DF0604-E257-4C2A-925D-C475B4595FA5}.Release|Any CPU.Build.0 = Release|Any CPU
		{8E4825E3-95FD-44F1-AD83-23B6D78A9DA1}.Debug|Any CPU.ActiveCfg = Debug|Any CPU
		{8E4825E3-95FD-44F1-AD83-23B6D78A9DA1}.Debug|Any CPU.Build.0 = Debug|Any CPU
		{8E4825E3-95FD-44F1-AD83-23B6D78A9DA1}.Release|Any CPU.ActiveCfg = Release|Any CPU
		{8E4825E3-95FD-44F1-AD83-23B6D78A9DA1}.Release|Any CPU.Build.0 = Release|Any CPU
		{7869E66B-FA41-49E3-9F9B-0B488F7CCADD}.Debug|Any CPU.ActiveCfg = Debug|Any CPU
		{7869E66B-FA41-49E3-9F9B-0B488F7CCADD}.Debug|Any CPU.Build.0 = Debug|Any CPU
		{7869E66B-FA41-49E3-9F9B-0B488F7CCADD}.Release|Any CPU.ActiveCfg = Release|Any CPU
		{7869E66B-FA41-49E3-9F9B-0B488F7CCADD}.Release|Any CPU.Build.0 = Release|Any CPU
		{E58C31E4-3FDB-41AA-BD93-90627DF7767D}.Debug|Any CPU.ActiveCfg = Debug|Any CPU
		{E58C31E4-3FDB-41AA-BD93-90627DF7767D}.Debug|Any CPU.Build.0 = Debug|Any CPU
		{E58C31E4-3FDB-41AA-BD93-90627DF7767D}.Release|Any CPU.ActiveCfg = Release|Any CPU
		{E58C31E4-3FDB-41AA-BD93-90627DF7767D}.Release|Any CPU.Build.0 = Release|Any CPU
		{CF53C5D6-2B44-443B-908A-88186E49004B}.Debug|Any CPU.ActiveCfg = Debug|Any CPU
		{CF53C5D6-2B44-443B-908A-88186E49004B}.Debug|Any CPU.Build.0 = Debug|Any CPU
		{CF53C5D6-2B44-443B-908A-88186E49004B}.Release|Any CPU.ActiveCfg = Release|Any CPU
		{CF53C5D6-2B44-443B-908A-88186E49004B}.Release|Any CPU.Build.0 = Release|Any CPU
		{A7A1E611-716A-4C0D-A9B3-68590D1ED408}.Debug|Any CPU.ActiveCfg = Debug|Any CPU
		{A7A1E611-716A-4C0D-A9B3-68590D1ED408}.Debug|Any CPU.Build.0 = Debug|Any CPU
		{A7A1E611-716A-4C0D-A9B3-68590D1ED408}.Release|Any CPU.ActiveCfg = Release|Any CPU
		{A7A1E611-716A-4C0D-A9B3-68590D1ED408}.Release|Any CPU.Build.0 = Release|Any CPU
		{6626DADB-75DB-487E-A546-D017FA56E1FD}.Debug|Any CPU.ActiveCfg = Debug|Any CPU
		{6626DADB-75DB-487E-A546-D017FA56E1FD}.Debug|Any CPU.Build.0 = Debug|Any CPU
		{6626DADB-75DB-487E-A546-D017FA56E1FD}.Release|Any CPU.ActiveCfg = Release|Any CPU
		{6626DADB-75DB-487E-A546-D017FA56E1FD}.Release|Any CPU.Build.0 = Release|Any CPU
	EndGlobalSection
	GlobalSection(SolutionProperties) = preSolution
		HideSolutionNode = FALSE
	EndGlobalSection
	GlobalSection(NestedProjects) = preSolution
		{9502ACCF-D16E-4C2D-842B-B3598DEC8740} = {C358CAF5-2662-4A0A-90D1-D44A6D6796B7}
		{A65C4BD5-643F-4218-99FD-AB1DF0471D91} = {F1F1520A-5E3C-422D-9B10-D439124443E0}
		{155ADCD1-8E52-4F72-9F92-0A1B7FACB1AA} = {C358CAF5-2662-4A0A-90D1-D44A6D6796B7}
		{C3DF0604-E257-4C2A-925D-C475B4595FA5} = {9EA65AE7-A503-4CB7-BABC-A72C554DC966}
		{8E4825E3-95FD-44F1-AD83-23B6D78A9DA1} = {F1F1520A-5E3C-422D-9B10-D439124443E0}
		{7869E66B-FA41-49E3-9F9B-0B488F7CCADD} = {9EA65AE7-A503-4CB7-BABC-A72C554DC966}
		{E58C31E4-3FDB-41AA-BD93-90627DF7767D} = {5B77030F-2F00-4B20-B99B-A390D47749D9}
		{CF53C5D6-2B44-443B-908A-88186E49004B} = {5B77030F-2F00-4B20-B99B-A390D47749D9}
		{A7A1E611-716A-4C0D-A9B3-68590D1ED408} = {C358CAF5-2662-4A0A-90D1-D44A6D6796B7}
		{6626DADB-75DB-487E-A546-D017FA56E1FD} = {C358CAF5-2662-4A0A-90D1-D44A6D6796B7}
	EndGlobalSection
	GlobalSection(ExtensibilityGlobals) = postSolution
		SolutionGuid = {89E6AF7A-5434-4188-87CF-6877A2A272E8}
	EndGlobalSection
EndGlobal
